
Microsoft Visual Studio Solution File, Format Version 12.00
# Visual Studio Version 17
VisualStudioVersion = 17.8.34322.80
MinimumVisualStudioVersion = 10.0.40219.1
Project("{FAE04EC0-301F-11D3-BF4B-00C04F79EFBC}") = "Boolean type and operators", "Boolean type and operators.csproj", "{BFBE2E5B-21F8-4574-B2D7-8C74F52F8C84}"
EndProject
Global
	GlobalSection(SolutionConfigurationPlatforms) = preSolution
		Debug|Any CPU = Debug|Any CPU
		Release|Any CPU = Release|Any CPU
	EndGlobalSection
	GlobalSection(ProjectConfigurationPlatforms) = postSolution
		{BFBE2E5B-21F8-4574-B2D7-8C74F52F8C84}.Debug|Any CPU.ActiveCfg = Debug|Any CPU
		{BFBE2E5B-21F8-4574-B2D7-8C74F52F8C84}.Debug|Any CPU.Build.0 = Debug|Any CPU
		{BFBE2E5B-21F8-4574-B2D7-8C74F52F8C84}.Release|Any CPU.ActiveCfg = Release|Any CPU
		{BFBE2E5B-21F8-4574-B2D7-8C74F52F8C84}.Release|Any CPU.Build.0 = Release|Any CPU
	EndGlobalSection
	GlobalSection(SolutionProperties) = preSolution
		HideSolutionNode = FALSE
	EndGlobalSection
	GlobalSection(ExtensibilityGlobals) = postSolution
		SolutionGuid = {7EBBCD26-04B5-4B28-B8F9-4579C6727EA6}
	EndGlobalSection
EndGlobal
