
Microsoft Visual Studio Solution File, Format Version 12.00
# Visual Studio Version 17
VisualStudioVersion = 17.8.34322.80
MinimumVisualStudioVersion = 10.0.40219.1
Project("{9A19103F-16F7-4668-BE54-9A1E7A4F7556}") = "TodoList", "TodoList.csproj", "{01BC785E-57E5-475B-A919-C10A254B3040}"
EndProject
Project("{9A19103F-16F7-4668-BE54-9A1E7A4F7556}") = "Calculator", "..\Calculator\Calculator.csproj", "{82320809-AD8E-4BA1-8797-7B0C5E3E1A40}"
EndProject
Project("{9A19103F-16F7-4668-BE54-9A1E7A4F7556}") = "SumOfNumbersBetween", "..\SumOfNumbersBetween\SumOfNumbersBetween.csproj", "{FB14B92E-356F-407C-BB13-411BB5C010C3}"
EndProject
Project("{9A19103F-16F7-4668-BE54-9A1E7A4F7556}") = "RepeatCharacters", "..\RepeatCharacters\RepeatCharacters.csproj", "{5AD8BD7F-A46C-4059-87DD-641B07F30628}"
EndProject
Project("{FAE04EC0-301F-11D3-BF4B-00C04F79EFBC}") = "Factorial", "..\Factorial\Factorial.csproj", "{F35FE448-A287-4A4A-835B-3ABCB3A58DCC}"
EndProject
Global
	GlobalSection(SolutionConfigurationPlatforms) = preSolution
		Debug|Any CPU = Debug|Any CPU
		Release|Any CPU = Release|Any CPU
	EndGlobalSection
	GlobalSection(ProjectConfigurationPlatforms) = postSolution
		{01BC785E-57E5-475B-A919-C10A254B3040}.Debug|Any CPU.ActiveCfg = Debug|Any CPU
		{01BC785E-57E5-475B-A919-C10A254B3040}.Debug|Any CPU.Build.0 = Debug|Any CPU
		{01BC785E-57E5-475B-A919-C10A254B3040}.Release|Any CPU.ActiveCfg = Release|Any CPU
		{01BC785E-57E5-475B-A919-C10A254B3040}.Release|Any CPU.Build.0 = Release|Any CPU
		{82320809-AD8E-4BA1-8797-7B0C5E3E1A40}.Debug|Any CPU.ActiveCfg = Debug|Any CPU
		{82320809-AD8E-4BA1-8797-7B0C5E3E1A40}.Debug|Any CPU.Build.0 = Debug|Any CPU
		{82320809-AD8E-4BA1-8797-7B0C5E3E1A40}.Release|Any CPU.ActiveCfg = Release|Any CPU
		{82320809-AD8E-4BA1-8797-7B0C5E3E1A40}.Release|Any CPU.Build.0 = Release|Any CPU
		{FB14B92E-356F-407C-BB13-411BB5C010C3}.Debug|Any CPU.ActiveCfg = Debug|Any CPU
		{FB14B92E-356F-407C-BB13-411BB5C010C3}.Debug|Any CPU.Build.0 = Debug|Any CPU
		{FB14B92E-356F-407C-BB13-411BB5C010C3}.Release|Any CPU.ActiveCfg = Release|Any CPU
		{FB14B92E-356F-407C-BB13-411BB5C010C3}.Release|Any CPU.Build.0 = Release|Any CPU
		{5AD8BD7F-A46C-4059-87DD-641B07F30628}.Debug|Any CPU.ActiveCfg = Debug|Any CPU
		{5AD8BD7F-A46C-4059-87DD-641B07F30628}.Debug|Any CPU.Build.0 = Debug|Any CPU
		{5AD8BD7F-A46C-4059-87DD-641B07F30628}.Release|Any CPU.ActiveCfg = Release|Any CPU
		{5AD8BD7F-A46C-4059-87DD-641B07F30628}.Release|Any CPU.Build.0 = Release|Any CPU
		{F35FE448-A287-4A4A-835B-3ABCB3A58DCC}.Debug|Any CPU.ActiveCfg = Debug|Any CPU
		{F35FE448-A287-4A4A-835B-3ABCB3A58DCC}.Debug|Any CPU.Build.0 = Debug|Any CPU
		{F35FE448-A287-4A4A-835B-3ABCB3A58DCC}.Release|Any CPU.ActiveCfg = Release|Any CPU
		{F35FE448-A287-4A4A-835B-3ABCB3A58DCC}.Release|Any CPU.Build.0 = Release|Any CPU
	EndGlobalSection
	GlobalSection(SolutionProperties) = preSolution
		HideSolutionNode = FALSE
	EndGlobalSection
	GlobalSection(ExtensibilityGlobals) = postSolution
		SolutionGuid = {8284BC44-403A-46F4-AD99-E17DB28802CB}
	EndGlobalSection
EndGlobal
